
Microsoft Visual Studio Solution File, Format Version 12.00
# Visual Studio 2012
Project("{FAE04EC0-301F-11D3-BF4B-00C04F79EFBC}") = "NSelenide", "NSelenide\NSelenide.csproj", "{033AEBE9-FCAB-45B5-9E57-C3C145F7F0D7}"
EndProject
Project("{FAE04EC0-301F-11D3-BF4B-00C04F79EFBC}") = "NSelenideTest", "NSelenideTest\NSelenideTest.csproj", "{0275D3F5-E678-4377-9243-61F74F87850A}"
EndProject
Global
	GlobalSection(SolutionConfigurationPlatforms) = preSolution
		Debug|Any CPU = Debug|Any CPU
		Release|Any CPU = Release|Any CPU
	EndGlobalSection
	GlobalSection(ProjectConfigurationPlatforms) = postSolution
		{033AEBE9-FCAB-45B5-9E57-C3C145F7F0D7}.Debug|Any CPU.ActiveCfg = Debug|Any CPU
		{033AEBE9-FCAB-45B5-9E57-C3C145F7F0D7}.Debug|Any CPU.Build.0 = Debug|Any CPU
		{033AEBE9-FCAB-45B5-9E57-C3C145F7F0D7}.Release|Any CPU.ActiveCfg = Release|Any CPU
		{033AEBE9-FCAB-45B5-9E57-C3C145F7F0D7}.Release|Any CPU.Build.0 = Release|Any CPU
		{0275D3F5-E678-4377-9243-61F74F87850A}.Debug|Any CPU.ActiveCfg = Debug|Any CPU
		{0275D3F5-E678-4377-9243-61F74F87850A}.Debug|Any CPU.Build.0 = Debug|Any CPU
		{0275D3F5-E678-4377-9243-61F74F87850A}.Release|Any CPU.ActiveCfg = Release|Any CPU
		{0275D3F5-E678-4377-9243-61F74F87850A}.Release|Any CPU.Build.0 = Release|Any CPU
	EndGlobalSection
	GlobalSection(SolutionProperties) = preSolution
		HideSolutionNode = FALSE
	EndGlobalSection
EndGlobal
